Microsoft Visual Studio Solution File, Format Version 12.00
# Visual Studio 14
Project("{8BC9CEB8-8B4A-11D0-8D11-00A0C91BC942}") = "ALL_BUILD", "ALL_BUILD.vcxproj", "{8FCB694F-8B1E-3919-AF58-47B0D687B5BF}"
	ProjectSection(ProjectDependencies) = postProject
		{48BFCB67-3F3F-3890-A60D-1FEE8542581F} = {48BFCB67-3F3F-3890-A60D-1FEE8542581F}
		{424A29D3-CDD7-3CA0-90AD-1092BD374B12} = {424A29D3-CDD7-3CA0-90AD-1092BD374B12}
		{90C49D14-658F-32A8-8E1E-A173076E146E} = {90C49D14-658F-32A8-8E1E-A173076E146E}
	EndProjectSection
EndProject
Project("{8BC9CEB8-8B4A-11D0-8D11-00A0C91BC942}") = "ZERO_CHECK", "ZERO_CHECK.vcxproj", "{48BFCB67-3F3F-3890-A60D-1FEE8542581F}"
	ProjectSection(ProjectDependencies) = postProject
	EndProjectSection
EndProject
Project("{8BC9CEB8-8B4A-11D0-8D11-00A0C91BC942}") = "main", "main.vcxproj", "{424A29D3-CDD7-3CA0-90AD-1092BD374B12}"
	ProjectSection(ProjectDependencies) = postProject
		{48BFCB67-3F3F-3890-A60D-1FEE8542581F} = {48BFCB67-3F3F-3890-A60D-1FEE8542581F}
		{90C49D14-658F-32A8-8E1E-A173076E146E} = {90C49D14-658F-32A8-8E1E-A173076E146E}
	EndProjectSection
EndProject
Project("{8BC9CEB8-8B4A-11D0-8D11-00A0C91BC942}") = "test", "test.vcxproj", "{90C49D14-658F-32A8-8E1E-A173076E146E}"
	ProjectSection(ProjectDependencies) = postProject
		{48BFCB67-3F3F-3890-A60D-1FEE8542581F} = {48BFCB67-3F3F-3890-A60D-1FEE8542581F}
	EndProjectSection
EndProject
Global
	GlobalSection(SolutionConfigurationPlatforms) = preSolution
		Debug|Win32 = Debug|Win32
		Release|Win32 = Release|Win32
		MinSizeRel|Win32 = MinSizeRel|Win32
		RelWithDebInfo|Win32 = RelWithDebInfo|Win32
	EndGlobalSection
	GlobalSection(ProjectConfigurationPlatforms) = postSolution
		{8FCB694F-8B1E-3919-AF58-47B0D687B5BF}.Debug|Win32.ActiveCfg = Debug|Win32
		{8FCB694F-8B1E-3919-AF58-47B0D687B5BF}.Release|Win32.ActiveCfg = Release|Win32
		{8FCB694F-8B1E-3919-AF58-47B0D687B5BF}.MinSizeRel|Win32.ActiveCfg = MinSizeRel|Win32
		{8FCB694F-8B1E-3919-AF58-47B0D687B5BF}.RelWithDebInfo|Win32.ActiveCfg = RelWithDebInfo|Win32
		{48BFCB67-3F3F-3890-A60D-1FEE8542581F}.Debug|Win32.ActiveCfg = Debug|Win32
		{48BFCB67-3F3F-3890-A60D-1FEE8542581F}.Debug|Win32.Build.0 = Debug|Win32
		{48BFCB67-3F3F-3890-A60D-1FEE8542581F}.Release|Win32.ActiveCfg = Release|Win32
		{48BFCB67-3F3F-3890-A60D-1FEE8542581F}.Release|Win32.Build.0 = Release|Win32
		{48BFCB67-3F3F-3890-A60D-1FEE8542581F}.MinSizeRel|Win32.ActiveCfg = MinSizeRel|Win32
		{48BFCB67-3F3F-3890-A60D-1FEE8542581F}.MinSizeRel|Win32.Build.0 = MinSizeRel|Win32
		{48BFCB67-3F3F-3890-A60D-1FEE8542581F}.RelWithDebInfo|Win32.ActiveCfg = RelWithDebInfo|Win32
		{48BFCB67-3F3F-3890-A60D-1FEE8542581F}.RelWithDebInfo|Win32.Build.0 = RelWithDebInfo|Win32
		{424A29D3-CDD7-3CA0-90AD-1092BD374B12}.Debug|Win32.ActiveCfg = Debug|Win32
		{424A29D3-CDD7-3CA0-90AD-1092BD374B12}.Debug|Win32.Build.0 = Debug|Win32
		{424A29D3-CDD7-3CA0-90AD-1092BD374B12}.Release|Win32.ActiveCfg = Release|Win32
		{424A29D3-CDD7-3CA0-90AD-1092BD374B12}.Release|Win32.Build.0 = Release|Win32
		{424A29D3-CDD7-3CA0-90AD-1092BD374B12}.MinSizeRel|Win32.ActiveCfg = MinSizeRel|Win32
		{424A29D3-CDD7-3CA0-90AD-1092BD374B12}.MinSizeRel|Win32.Build.0 = MinSizeRel|Win32
		{424A29D3-CDD7-3CA0-90AD-1092BD374B12}.RelWithDebInfo|Win32.ActiveCfg = RelWithDebInfo|Win32
		{424A29D3-CDD7-3CA0-90AD-1092BD374B12}.RelWithDebInfo|Win32.Build.0 = RelWithDebInfo|Win32
		{90C49D14-658F-32A8-8E1E-A173076E146E}.Debug|Win32.ActiveCfg = Debug|Win32
		{90C49D14-658F-32A8-8E1E-A173076E146E}.Debug|Win32.Build.0 = Debug|Win32
		{90C49D14-658F-32A8-8E1E-A173076E146E}.Release|Win32.ActiveCfg = Release|Win32
		{90C49D14-658F-32A8-8E1E-A173076E146E}.Release|Win32.Build.0 = Release|Win32
		{90C49D14-658F-32A8-8E1E-A173076E146E}.MinSizeRel|Win32.ActiveCfg = MinSizeRel|Win32
		{90C49D14-658F-32A8-8E1E-A173076E146E}.MinSizeRel|Win32.Build.0 = MinSizeRel|Win32
		{90C49D14-658F-32A8-8E1E-A173076E146E}.RelWithDebInfo|Win32.ActiveCfg = RelWithDebInfo|Win32
		{90C49D14-658F-32A8-8E1E-A173076E146E}.RelWithDebInfo|Win32.Build.0 = RelWithDebInfo|Win32
	EndGlobalSection
	GlobalSection(ExtensibilityGlobals) = postSolution
	EndGlobalSection
	GlobalSection(ExtensibilityAddIns) = postSolution
	EndGlobalSection
EndGlobal
